
Microsoft Visual Studio Solution File, Format Version 12.00
# Visual Studio Version 16
VisualStudioVersion = 16.0.31729.503
MinimumVisualStudioVersion = 10.0.40219.1
Project("{FAE04EC0-301F-11D3-BF4B-00C04F79EFBC}") = "csharp_ex", "csharp_ex.csproj", "{9C58C52D-8DE0-4CC7-A279-4B5CFD78B92A}"
EndProject
Global
	GlobalSection(SolutionConfigurationPlatforms) = preSolution
		Debug|Any CPU = Debug|Any CPU
		Release|Any CPU = Release|Any CPU
	EndGlobalSection
	GlobalSection(ProjectConfigurationPlatforms) = postSolution
		{9C58C52D-8DE0-4CC7-A279-4B5CFD78B92A}.Debug|Any CPU.ActiveCfg = Debug|Any CPU
		{9C58C52D-8DE0-4CC7-A279-4B5CFD78B92A}.Debug|Any CPU.Build.0 = Debug|Any CPU
		{9C58C52D-8DE0-4CC7-A279-4B5CFD78B92A}.Release|Any CPU.ActiveCfg = Release|Any CPU
		{9C58C52D-8DE0-4CC7-A279-4B5CFD78B92A}.Release|Any CPU.Build.0 = Release|Any CPU
	EndGlobalSection
	GlobalSection(SolutionProperties) = preSolution
		HideSolutionNode = FALSE
	EndGlobalSection
	GlobalSection(ExtensibilityGlobals) = postSolution
		SolutionGuid = {9F0C4EF4-EB9C-4814-99CC-9952710DFFAC}
	EndGlobalSection
EndGlobal
